
Microsoft Visual Studio Solution File, Format Version 11.00
# Visual C# Express 2010
Project("{FAE04EC0-301F-11D3-BF4B-00C04F79EFBC}") = "WpfUtility", "WpfUtility\WpfUtility.csproj", "{2F2D7E12-1121-4E38-AEF9-3E0BD51DA099}"
EndProject
Project("{FAE04EC0-301F-11D3-BF4B-00C04F79EFBC}") = "WpfUtility_Call", "WpfUtility_Call\WpfUtility_Call.csproj", "{5109A4C2-65EC-4ADB-8466-017C0615A7CE}"
EndProject
Project("{FAE04EC0-301F-11D3-BF4B-00C04F79EFBC}") = "EnumHelperLib", "..\cs-EnumHelper\EnumHelperLib\EnumHelperLib.csproj", "{350A3E35-55C2-46C4-A393-F5A1FE5D0DE6}"
EndProject
Project("{FAE04EC0-301F-11D3-BF4B-00C04F79EFBC}") = "SerializableDictionary", "..\cs-SerializableDictionary\SerializableDictionary\SerializableDictionary.csproj", "{356B032D-5DFE-41BB-AE70-3C46BB8F4345}"
EndProject
Project("{FAE04EC0-301F-11D3-BF4B-00C04F79EFBC}") = "TakeAshUtility", "..\cs-TakeAshUtility\TakeAshUtility\TakeAshUtility.csproj", "{26A4A55A-CA4E-455C-8C14-832A73E23DFE}"
EndProject
Global
	GlobalSection(SolutionConfigurationPlatforms) = preSolution
		Debug|x64 = Debug|x64
		Debug|x86 = Debug|x86
		Release|x64 = Release|x64
		Release|x86 = Release|x86
	EndGlobalSection
	GlobalSection(ProjectConfigurationPlatforms) = postSolution
		{2F2D7E12-1121-4E38-AEF9-3E0BD51DA099}.Debug|x64.ActiveCfg = Debug|x64
		{2F2D7E12-1121-4E38-AEF9-3E0BD51DA099}.Debug|x64.Build.0 = Debug|x64
		{2F2D7E12-1121-4E38-AEF9-3E0BD51DA099}.Debug|x86.ActiveCfg = Debug|x86
		{2F2D7E12-1121-4E38-AEF9-3E0BD51DA099}.Debug|x86.Build.0 = Debug|x86
		{2F2D7E12-1121-4E38-AEF9-3E0BD51DA099}.Release|x64.ActiveCfg = Release|x64
		{2F2D7E12-1121-4E38-AEF9-3E0BD51DA099}.Release|x64.Build.0 = Release|x64
		{2F2D7E12-1121-4E38-AEF9-3E0BD51DA099}.Release|x86.ActiveCfg = Release|x86
		{2F2D7E12-1121-4E38-AEF9-3E0BD51DA099}.Release|x86.Build.0 = Release|x86
		{5109A4C2-65EC-4ADB-8466-017C0615A7CE}.Debug|x64.ActiveCfg = Debug|x64
		{5109A4C2-65EC-4ADB-8466-017C0615A7CE}.Debug|x64.Build.0 = Debug|x64
		{5109A4C2-65EC-4ADB-8466-017C0615A7CE}.Debug|x86.ActiveCfg = Debug|x86
		{5109A4C2-65EC-4ADB-8466-017C0615A7CE}.Debug|x86.Build.0 = Debug|x86
		{5109A4C2-65EC-4ADB-8466-017C0615A7CE}.Release|x64.ActiveCfg = Release|x64
		{5109A4C2-65EC-4ADB-8466-017C0615A7CE}.Release|x64.Build.0 = Release|x64
		{5109A4C2-65EC-4ADB-8466-017C0615A7CE}.Release|x86.ActiveCfg = Release|x86
		{5109A4C2-65EC-4ADB-8466-017C0615A7CE}.Release|x86.Build.0 = Release|x86
		{350A3E35-55C2-46C4-A393-F5A1FE5D0DE6}.Debug|x64.ActiveCfg = Debug|x64
		{350A3E35-55C2-46C4-A393-F5A1FE5D0DE6}.Debug|x64.Build.0 = Debug|x64
		{350A3E35-55C2-46C4-A393-F5A1FE5D0DE6}.Debug|x86.ActiveCfg = Debug|x86
		{350A3E35-55C2-46C4-A393-F5A1FE5D0DE6}.Debug|x86.Build.0 = Debug|x86
		{350A3E35-55C2-46C4-A393-F5A1FE5D0DE6}.Release|x64.ActiveCfg = Release|x64
		{350A3E35-55C2-46C4-A393-F5A1FE5D0DE6}.Release|x64.Build.0 = Release|x64
		{350A3E35-55C2-46C4-A393-F5A1FE5D0DE6}.Release|x86.ActiveCfg = Release|x86
		{350A3E35-55C2-46C4-A393-F5A1FE5D0DE6}.Release|x86.Build.0 = Release|x86
		{356B032D-5DFE-41BB-AE70-3C46BB8F4345}.Debug|x64.ActiveCfg = Debug|x64
		{356B032D-5DFE-41BB-AE70-3C46BB8F4345}.Debug|x64.Build.0 = Debug|x64
		{356B032D-5DFE-41BB-AE70-3C46BB8F4345}.Debug|x86.ActiveCfg = Debug|x86
		{356B032D-5DFE-41BB-AE70-3C46BB8F4345}.Debug|x86.Build.0 = Debug|x86
		{356B032D-5DFE-41BB-AE70-3C46BB8F4345}.Release|x64.ActiveCfg = Release|x64
		{356B032D-5DFE-41BB-AE70-3C46BB8F4345}.Release|x64.Build.0 = Release|x64
		{356B032D-5DFE-41BB-AE70-3C46BB8F4345}.Release|x86.ActiveCfg = Release|x86
		{356B032D-5DFE-41BB-AE70-3C46BB8F4345}.Release|x86.Build.0 = Release|x86
		{26A4A55A-CA4E-455C-8C14-832A73E23DFE}.Debug|x64.ActiveCfg = Debug|x64
		{26A4A55A-CA4E-455C-8C14-832A73E23DFE}.Debug|x64.Build.0 = Debug|x64
		{26A4A55A-CA4E-455C-8C14-832A73E23DFE}.Debug|x86.ActiveCfg = Debug|x86
		{26A4A55A-CA4E-455C-8C14-832A73E23DFE}.Debug|x86.Build.0 = Debug|x86
		{26A4A55A-CA4E-455C-8C14-832A73E23DFE}.Release|x64.ActiveCfg = Release|x64
		{26A4A55A-CA4E-455C-8C14-832A73E23DFE}.Release|x64.Build.0 = Release|x64
		{26A4A55A-CA4E-455C-8C14-832A73E23DFE}.Release|x86.ActiveCfg = Release|x86
		{26A4A55A-CA4E-455C-8C14-832A73E23DFE}.Release|x86.Build.0 = Release|x86
	EndGlobalSection
	GlobalSection(SolutionProperties) = preSolution
		HideSolutionNode = FALSE
	EndGlobalSection
EndGlobal
